{
  "name": "neural-network-node",
  "version": "1.4.4",
  "lockfileVersion": 1,
  "requires": true,
  "dependencies": {
    "numpy-matrix-js": {
      "version": "1.1.4",
      "resolved": "https://registry.npmjs.org/numpy-matrix-js/-/numpy-matrix-js-1.1.4.tgz",
      "integrity": "sha512-V6izypjcNsrnEFIlYaV71m21Yw3ptiYh4eUkWuZZyjWs2Cql7183Ahv+iahV77EvgM7iZP01/iV7A3RR030ozw=="
    }
  }
}
